
Microsoft Visual Studio Solution File, Format Version 12.00
# Visual Studio Version 17
VisualStudioVersion = 17.7.34031.279
MinimumVisualStudioVersion = 10.0.40219.1
Project("{FAE04EC0-301F-11D3-BF4B-00C04F79EFBC}") = "PlatformerProject", "PlatformerProject\PlatformerProject.csproj", "{477F46D5-4DA3-4DE3-B3C6-EFC5F0918B50}"
EndProject
Global
	GlobalSection(SolutionConfigurationPlatforms) = preSolution
		Debug|Any CPU = Debug|Any CPU
		Release|Any CPU = Release|Any CPU
	EndGlobalSection
	GlobalSection(ProjectConfigurationPlatforms) = postSolution
		{477F46D5-4DA3-4DE3-B3C6-EFC5F0918B50}.Debug|Any CPU.ActiveCfg = Debug|Any CPU
		{477F46D5-4DA3-4DE3-B3C6-EFC5F0918B50}.Debug|Any CPU.Build.0 = Debug|Any CPU
		{477F46D5-4DA3-4DE3-B3C6-EFC5F0918B50}.Release|Any CPU.ActiveCfg = Release|Any CPU
		{477F46D5-4DA3-4DE3-B3C6-EFC5F0918B50}.Release|Any CPU.Build.0 = Release|Any CPU
	EndGlobalSection
	GlobalSection(SolutionProperties) = preSolution
		HideSolutionNode = FALSE
	EndGlobalSection
	GlobalSection(ExtensibilityGlobals) = postSolution
		SolutionGuid = {58165C79-1D4A-43A4-A923-6A0A8BD1B40F}
	EndGlobalSection
EndGlobal
